// !$*UTF8*$!
{
	archiveVersion = 1;
	classes = {
	};
	objectVersion = 50;
	objects = {

/* Begin PBXBuildFile section */
		40059BFF2183BDC400B43468 /* AppDelegate.swift in Sources */ = {isa = PBXBuildFile; fileRef = 40059BFE2183BDC400B43468 /* AppDelegate.swift */; };
		40059C012183BDC400B43468 /* ViewController.swift in Sources */ = {isa = PBXBuildFile; fileRef = 40059C002183BDC400B43468 /* ViewController.swift */; };
		40059C042183BDC400B43468 /* Main.storyboard in Resources */ = {isa = PBXBuildFile; fileRef = 40059C022183BDC400B43468 /* Main.storyboard */; };
		40059C062183BDC500B43468 /* Assets.xcassets in Resources */ = {isa = PBXBuildFile; fileRef = 40059C052183BDC500B43468 /* Assets.xcassets */; };
		40059C092183BDC500B43468 /* LaunchScreen.storyboard in Resources */ = {isa = PBXBuildFile; fileRef = 40059C072183BDC500B43468 /* LaunchScreen.storyboard */; };
		40059C142183BDC500B43468 /* weatherAppTests.swift in Sources */ = {isa = PBXBuildFile; fileRef = 40059C132183BDC500B43468 /* weatherAppTests.swift */; };
		40059C1F2183BDC500B43468 /* weatherAppUITests.swift in Sources */ = {isa = PBXBuildFile; fileRef = 40059C1E2183BDC500B43468 /* weatherAppUITests.swift */; };
/* End PBXBuildFile section */

/* Begin PBXContainerItemProxy section */
		40059C102183BDC500B43468 /* PBXContainerItemProxy */ = {
			isa = PBXContainerItemProxy;
			containerPortal = 40059BF32183BDC400B43468 /* Project object */;
			proxyType = 1;
			remoteGlobalIDString = 40059BFA2183BDC400B43468;
			remoteInfo = weatherApp;
		};
		40059C1B2183BDC500B43468 /* PBXContainerItemProxy */ = {
			isa = PBXContainerItemProxy;
			containerPortal = 40059BF32183BDC400B43468 /* Project object */;
			proxyType = 1;
			remoteGlobalIDString = 40059BFA2183BDC400B43468;
			remoteInfo = weatherApp;
		};
/* End PBXContainerItemProxy section */

/* Begin PBXFileReference section */
		40059BFB2183BDC400B43468 /* timer.app */ = {isa = PBXFileReference; explicitFileType = wrapper.application; includeInIndex = 0; path = timer.app; sourceTree = BUILT_PRODUCTS_DIR; };
		40059BFE2183BDC400B43468 /* AppDelegate.swift */ = {isa = PBXFileReference; lastKnownFileType = sourcecode.swift; path = AppDelegate.swift; sourceTree = "<group>"; };
		40059C002183BDC400B43468 /* ViewController.swift */ = {isa = PBXFileReference; lastKnownFileType = sourcecode.swift; path = ViewController.swift; sourceTree = "<group>"; };
		40059C032183BDC400B43468 /* Base */ = {isa = PBXFileReference; lastKnownFileType = file.storyboard; name = Base; path = Base.lproj/Main.storyboard; sourceTree = "<group>"; };
		40059C052183BDC500B43468 /* Assets.xcassets */ = {isa = PBXFileReference; lastKnownFileType = folder.assetcatalog; path = Assets.xcassets; sourceTree = "<group>"; };
		40059C082183BDC500B43468 /* Base */ = {isa = PBXFileReference; lastKnownFileType = file.storyboard; name = Base; path = Base.lproj/LaunchScreen.storyboard; sourceTree = "<group>"; };
		40059C0A2183BDC500B43468 /* Info.plist */ = {isa = PBXFileReference; lastKnownFileType = text.plist.xml; path = Info.plist; sourceTree = "<group>"; };
		40059C0F2183BDC500B43468 /* timerTests.xctest */ = {isa = PBXFileReference; explicitFileType = wrapper.cfbundle; includeInIndex = 0; path = timerTests.xctest; sourceTree = BUILT_PRODUCTS_DIR; };
		40059C132183BDC500B43468 /* weatherAppTests.swift */ = {isa = PBXFileReference; lastKnownFileType = sourcecode.swift; path = weatherAppTests.swift; sourceTree = "<group>"; };
		40059C152183BDC500B43468 /* Info.plist */ = {isa = PBXFileReference; lastKnownFileType = text.plist.xml; path = Info.plist; sourceTree = "<group>"; };
		40059C1A2183BDC500B43468 /* timerUITests.xctest */ = {isa = PBXFileReference; explicitFileType = wrapper.cfbundle; includeInIndex = 0; path = timerUITests.xctest; sourceTree = BUILT_PRODUCTS_DIR; };
		40059C1E2183BDC500B43468 /* weatherAppUITests.swift */ = {isa = PBXFileReference; lastKnownFileType = sourcecode.swift; path = weatherAppUITests.swift; sourceTree = "<group>"; };
		40059C202183BDC500B43468 /* Info.plist */ = {isa = PBXFileReference; lastKnownFileType = text.plist.xml; path = Info.plist; sourceTree = "<group>"; };
/* End PBXFileReference section */

/* Begin PBXFrameworksBuildPhase section */
		40059BF82183BDC400B43468 /* Frameworks */ = {
			isa = PBXFrameworksBuildPhase;
			buildActionMask = 2147483647;
			files = (
			);
			runOnlyForDeploymentPostprocessing = 0;
		};
		40059C0C2183BDC500B43468 /* Frameworks */ = {
			isa = PBXFrameworksBuildPhase;
			buildActionMask = 2147483647;
			files = (
			);
			runOnlyForDeploymentPostprocessing = 0;
		};
		40059C172183BDC500B43468 /* Frameworks */ = {
			isa = PBXFrameworksBuildPhase;
			buildActionMask = 2147483647;
			files = (
			);
			runOnlyForDeploymentPostprocessing = 0;
		};
/* End PBXFrameworksBuildPhase section */

/* Begin PBXGroup section */
		40059BF22183BDC400B43468 = {
			isa = PBXGroup;
			children = (
				40059BFD2183BDC400B43468 /* weatherApp */,
				40059C122183BDC500B43468 /* weatherAppTests */,
				40059C1D2183BDC500B43468 /* weatherAppUITests */,
				40059BFC2183BDC400B43468 /* Products */,
			);
			sourceTree = "<group>";
		};
		40059BFC2183BDC400B43468 /* Products */ = {
			isa = PBXGroup;
			children = (
				40059BFB2183BDC400B43468 /* timer.app */,
				40059C0F2183BDC500B43468 /* timerTests.xctest */,
				40059C1A2183BDC500B43468 /* timerUITests.xctest */,
			);
			name = Products;
			sourceTree = "<group>";
		};
		40059BFD2183BDC400B43468 /* weatherApp */ = {
			isa = PBXGroup;
			children = (
				40059BFE2183BDC400B43468 /* AppDelegate.swift */,
				40059C002183BDC400B43468 /* ViewController.swift */,
				40059C022183BDC400B43468 /* Main.storyboard */,
				40059C052183BDC500B43468 /* Assets.xcassets */,
				40059C072183BDC500B43468 /* LaunchScreen.storyboard */,
				40059C0A2183BDC500B43468 /* Info.plist */,
			);
			path = weatherApp;
			sourceTree = "<group>";
		};
		40059C122183BDC500B43468 /* weatherAppTests */ = {
			isa = PBXGroup;
			children = (
				40059C132183BDC500B43468 /* weatherAppTests.swift */,
				40059C152183BDC500B43468 /* Info.plist */,
			);
			path = weatherAppTests;
			sourceTree = "<group>";
		};
		40059C1D2183BDC500B43468 /* weatherAppUITests */ = {
			isa = PBXGroup;
			children = (
				40059C1E2183BDC500B43468 /* weatherAppUITests.swift */,
				40059C202183BDC500B43468 /* Info.plist */,
			);
			path = weatherAppUITests;
			sourceTree = "<group>";
		};
/* End PBXGroup section */

/* Begin PBXNativeTarget section */
		40059BFA2183BDC400B43468 /* timer */ = {
			isa = PBXNativeTarget;
			buildConfigurationList = 40059C232183BDC500B43468 /* Build configuration list for PBXNativeTarget "timer" */;
			buildPhases = (
				40059BF72183BDC400B43468 /* Sources */,
				40059BF82183BDC400B43468 /* Frameworks */,
				40059BF92183BDC400B43468 /* Resources */,
			);
			buildRules = (
			);
			dependencies = (
			);
			name = timer;
			productName = weatherApp;
			productReference = 40059BFB2183BDC400B43468 /* timer.app */;
			productType = "com.apple.product-type.application";
		};
		40059C0E2183BDC500B43468 /* timerTests */ = {
			isa = PBXNativeTarget;
			buildConfigurationList = 40059C262183BDC500B43468 /* Build configuration list for PBXNativeTarget "timerTests" */;
			buildPhases = (
				40059C0B2183BDC500B43468 /* Sources */,
				40059C0C2183BDC500B43468 /* Frameworks */,
				40059C0D2183BDC500B43468 /* Resources */,
			);
			buildRules = (
			);
			dependencies = (
				40059C112183BDC500B43468 /* PBXTargetDependency */,
			);
			name = timerTests;
			productName = weatherAppTests;
			productReference = 40059C0F2183BDC500B43468 /* timerTests.xctest */;
			productType = "com.apple.product-type.bundle.unit-test";
		};
		40059C192183BDC500B43468 /* timerUITests */ = {
			isa = PBXNativeTarget;
			buildConfigurationList = 40059C292183BDC500B43468 /* Build configuration list for PBXNativeTarget "timerUITests" */;
			buildPhases = (
				40059C162183BDC500B43468 /* Sources */,
				40059C172183BDC500B43468 /* Frameworks */,
				40059C182183BDC500B43468 /* Resources */,
			);
			buildRules = (
			);
			dependencies = (
				40059C1C2183BDC500B43468 /* PBXTargetDependency */,
			);
			name = timerUITests;
			productName = weatherAppUITests;
			productReference = 40059C1A2183BDC500B43468 /* timerUITests.xctest */;
			productType = "com.apple.product-type.bundle.ui-testing";
		};
/* End PBXNativeTarget section */

/* Begin PBXProject section */
		40059BF32183BDC400B43468 /* Project object */ = {
			isa = PBXProject;
			attributes = {
				LastSwiftUpdateCheck = 0940;
				LastUpgradeCheck = 0940;
				ORGANIZATIONNAME = "Patil, Yash M";
				TargetAttributes = {
					40059BFA2183BDC400B43468 = {
						CreatedOnToolsVersion = 9.4.1;
						LastSwiftMigration = 1010;
					};
					40059C0E2183BDC500B43468 = {
						CreatedOnToolsVersion = 9.4.1;
						LastSwiftMigration = 1010;
						TestTargetID = 40059BFA2183BDC400B43468;
					};
					40059C192183BDC500B43468 = {
						CreatedOnToolsVersion = 9.4.1;
						LastSwiftMigration = 1010;
						TestTargetID = 40059BFA2183BDC400B43468;
					};
				};
			};
			buildConfigurationList = 40059BF62183BDC400B43468 /* Build configuration list for PBXProject "timer" */;
			compatibilityVersion = "Xcode 9.3";
			developmentRegion = en;
			hasScannedForEncodings = 0;
			knownRegions = (
				en,
				Base,
			);
			mainGroup = 40059BF22183BDC400B43468;
			productRefGroup = 40059BFC2183BDC400B43468 /* Products */;
			projectDirPath = "";
			projectRoot = "";
			targets = (
				40059BFA2183BDC400B43468 /* timer */,
				40059C0E2183BDC500B43468 /* timerTests */,
				40059C192183BDC500B43468 /* timerUITests */,
			);
		};
/* End PBXProject section */

/* Begin PBXResourcesBuildPhase section */
		40059BF92183BDC400B43468 /* Resources */ = {
			isa = PBXResourcesBuildPhase;
			buildActionMask = 2147483647;
			files = (
				40059C092183BDC500B43468 /* LaunchScreen.storyboard in Resources */,
				40059C062183BDC500B43468 /* Assets.xcassets in Resources */,
				40059C042183BDC400B43468 /* Main.storyboard in Resources */,
			);
			runOnlyForDeploymentPostprocessing = 0;
		};
		40059C0D2183BDC500B43468 /* Resources */ = {
			isa = PBXResourcesBuildPhase;
			buildActionMask = 2147483647;
			files = (
			);
			runOnlyForDeploymentPostprocessing = 0;
		};
		40059C182183BDC500B43468 /* Resources */ = {
			isa = PBXResourcesBuildPhase;
			buildActionMask = 2147483647;
			files = (
			);
			runOnlyForDeploymentPostprocessing = 0;
		};
/* End PBXResourcesBuildPhase section */

/* Begin PBXSourcesBuildPhase section */
		40059BF72183BDC400B43468 /* Sources */ = {
			isa = PBXSourcesBuildPhase;
			buildActionMask = 2147483647;
			files = (
				40059C012183BDC400B43468 /* ViewController.swift in Sources */,
				40059BFF2183BDC400B43468 /* AppDelegate.swift in Sources */,
			);
			runOnlyForDeploymentPostprocessing = 0;
		};
		40059C0B2183BDC500B43468 /* Sources */ = {
			isa = PBXSourcesBuildPhase;
			buildActionMask = 2147483647;
			files = (
				40059C142183BDC500B43468 /* weatherAppTests.swift in Sources */,
			);
			runOnlyForDeploymentPostprocessing = 0;
		};
		40059C162183BDC500B43468 /* Sources */ = {
			isa = PBXSourcesBuildPhase;
			buildActionMask = 2147483647;
			files = (
				40059C1F2183BDC500B43468 /* weatherAppUITests.swift in Sources */,
			);
			runOnlyForDeploymentPostprocessing = 0;
		};
/* End PBXSourcesBuildPhase section */

/* Begin PBXTargetDependency section */
		40059C112183BDC500B43468 /* PBXTargetDependency */ = {
			isa = PBXTargetDependency;
			target = 40059BFA2183BDC400B43468 /* timer */;
			targetProxy = 40059C102183BDC500B43468 /* PBXContainerItemProxy */;
		};
		40059C1C2183BDC500B43468 /* PBXTargetDependency */ = {
			isa = PBXTargetDependency;
			target = 40059BFA2183BDC400B43468 /* timer */;
			targetProxy = 40059C1B2183BDC500B43468 /* PBXContainerItemProxy */;
		};
/* End PBXTargetDependency section */

/* Begin PBXVariantGroup section */
		40059C022183BDC400B43468 /* Main.storyboard */ = {
			isa = PBXVariantGroup;
			children = (
				40059C032183BDC400B43468 /* Base */,
			);
			name = Main.storyboard;
			sourceTree = "<group>";
		};
		40059C072183BDC500B43468 /* LaunchScreen.storyboard */ = {
			isa = PBXVariantGroup;
			children = (
				40059C082183BDC500B43468 /* Base */,
			);
			name = LaunchScreen.storyboard;
			sourceTree = "<group>";
		};
/* End PBXVariantGroup section */

/* Begin XCBuildConfiguration section */
		40059C212183BDC500B43468 /* Debug */ = {
			isa = XCBuildConfiguration;
			buildSettings = {
				ALWAYS_SEARCH_USER_PATHS = NO;
				CLANG_ANALYZER_NONNULL = YES;
				CLANG_ANALYZER_NUMBER_OBJECT_CONVERSION = YES_AGGRESSIVE;
				CLANG_CXX_LANGUAGE_STANDARD = "gnu++14";
				CLANG_CXX_LIBRARY = "libc++";
				CLANG_ENABLE_MODULES = YES;
				CLANG_ENABLE_OBJC_ARC = YES;
				CLANG_ENABLE_OBJC_WEAK = YES;
				CLANG_WARN_BLOCK_CAPTURE_AUTORELEASING = YES;
				CLANG_WARN_BOOL_CONVERSION = YES;
				CLANG_WARN_COMMA = YES;
				CLANG_WARN_CONSTANT_CONVERSION = YES;
				CLANG_WARN_DEPRECATED_OBJC_IMPLEMENTATIONS = YES;
				CLANG_WARN_DIRECT_OBJC_ISA_USAGE = YES_ERROR;
				CLANG_WARN_DOCUMENTATION_COMMENTS = YES;
				CLANG_WARN_EMPTY_BODY = YES;
				CLANG_WARN_ENUM_CONVERSION = YES;
				CLANG_WARN_INFINITE_RECURSION = YES;
				CLANG_WARN_INT_CONVERSION = YES;
				CLANG_WARN_NON_LITERAL_NULL_CONVERSION = YES;
				CLANG_WARN_OBJC_IMPLICIT_RETAIN_SELF = YES;
				CLANG_WARN_OBJC_LITERAL_CONVERSION = YES;
				CLANG_WARN_OBJC_ROOT_CLASS = YES_ERROR;
				CLANG_WARN_RANGE_LOOP_ANALYSIS = YES;
				CLANG_WARN_STRICT_PROTOTYPES = YES;
				CLANG_WARN_SUSPICIOUS_MOVE = YES;
				CLANG_WARN_UNGUARDED_AVAILABILITY = YES_AGGRESSIVE;
				CLANG_WARN_UNREACHABLE_CODE = YES;
				CLANG_WARN__DUPLICATE_METHOD_MATCH = YES;
				CODE_SIGN_IDENTITY = "iPhone Developer";
				COPY_PHASE_STRIP = NO;
				DEBUG_INFORMATION_FORMAT = dwarf;
				ENABLE_STRICT_OBJC_MSGSEND = YES;
				ENABLE_TESTABILITY = YES;
				GCC_C_LANGUAGE_STANDARD = gnu11;
				GCC_DYNAMIC_NO_PIC = NO;
				GCC_NO_COMMON_BLOCKS = YES;
				GCC_OPTIMIZATION_LEVEL = 0;
				GCC_PREPROCESSOR_DEFINITIONS = (
					"DEBUG=1",
					"$(inherited)",
				);
				GCC_WARN_64_TO_32_BIT_CONVERSION = YES;
				GCC_WARN_ABOUT_RETURN_TYPE = YES_ERROR;
				GCC_WARN_UNDECLARED_SELECTOR = YES;
				GCC_WARN_UNINITIALIZED_AUTOS = YES_AGGRESSIVE;
				GCC_WARN_UNUSED_FUNCTION = YES;
				GCC_WARN_UNUSED_VARIABLE = YES;
				IPHONEOS_DEPLOYMENT_TARGET = 11.4;
				MTL_ENABLE_DEBUG_INFO = YES;
				ONLY_ACTIVE_ARCH = YES;
				SDKROOT = iphoneos;
				SWIFT_ACTIVE_COMPILATION_CONDITIONS = DEBUG;
				SWIFT_OPTIMIZATION_LEVEL = "-Onone";
			};
			name = Debug;
		};
		40059C222183BDC500B43468 /* Release */ = {
			isa = XCBuildConfiguration;
			buildSettings = {
				ALWAYS_SEARCH_USER_PATHS = NO;
				CLANG_ANALYZER_NONNULL = YES;
				CLANG_ANALYZER_NUMBER_OBJECT_CONVERSION = YES_AGGRESSIVE;
				CLANG_CXX_LANGUAGE_STANDARD = "gnu++14";
				CLANG_CXX_LIBRARY = "libc++";
				CLANG_ENABLE_MODULES = YES;
				CLANG_ENABLE_OBJC_ARC = YES;
				CLANG_ENABLE_OBJC_WEAK = YES;
				CLANG_WARN_BLOCK_CAPTURE_AUTORELEASING = YES;
				CLANG_WARN_BOOL_CONVERSION = YES;
				CLANG_WARN_COMMA = YES;
				CLANG_WARN_CONSTANT_CONVERSION = YES;
				CLANG_WARN_DEPRECATED_OBJC_IMPLEMENTATIONS = YES;
				CLANG_WARN_DIRECT_OBJC_ISA_USAGE = YES_ERROR;
				CLANG_WARN_DOCUMENTATION_COMMENTS = YES;
				CLANG_WARN_EMPTY_BODY = YES;
				CLANG_WARN_ENUM_CONVERSION = YES;
				CLANG_WARN_INFINITE_RECURSION = YES;
				CLANG_WARN_INT_CONVERSION = YES;
				CLANG_WARN_NON_LITERAL_NULL_CONVERSION = YES;
				CLANG_WARN_OBJC_IMPLICIT_RETAIN_SELF = YES;
				CLANG_WARN_OBJC_LITERAL_CONVERSION = YES;
				CLANG_WARN_OBJC_ROOT_CLASS = YES_ERROR;
				CLANG_WARN_RANGE_LOOP_ANALYSIS = YES;
				CLANG_WARN_STRICT_PROTOTYPES = YES;
				CLANG_WARN_SUSPICIOUS_MOVE = YES;
				CLANG_WARN_UNGUARDED_AVAILABILITY = YES_AGGRESSIVE;
				CLANG_WARN_UNREACHABLE_CODE = YES;
				CLANG_WARN__DUPLICATE_METHOD_MATCH = YES;
				CODE_SIGN_IDENTITY = "iPhone Developer";
				COPY_PHASE_STRIP = NO;
				DEBUG_INFORMATION_FORMAT = "dwarf-with-dsym";
				ENABLE_NS_ASSERTIONS = NO;
				ENABLE_STRICT_OBJC_MSGSEND = YES;
				GCC_C_LANGUAGE_STANDARD = gnu11;
				GCC_NO_COMMON_BLOCKS = YES;
				GCC_WARN_64_TO_32_BIT_CONVERSION = YES;
				GCC_WARN_ABOUT_RETURN_TYPE = YES_ERROR;
				GCC_WARN_UNDECLARED_SELECTOR = YES;
				GCC_WARN_UNINITIALIZED_AUTOS = YES_AGGRESSIVE;
				GCC_WARN_UNUSED_FUNCTION = YES;
				GCC_WARN_UNUSED_VARIABLE = YES;
				IPHONEOS_DEPLOYMENT_TARGET = 11.4;
				MTL_ENABLE_DEBUG_INFO = NO;
				SDKROOT = iphoneos;
				SWIFT_COMPILATION_MODE = wholemodule;
				SWIFT_OPTIMIZATION_LEVEL = "-O";
				VALIDATE_PRODUCT = YES;
			};
			name = Release;
		};
		40059C242183BDC500B43468 /* Debug */ = {
			isa = XCBuildConfiguration;
			buildSettings = {
				ASSETCATALOG_COMPILER_APPICON_NAME = AppIcon;
				CODE_SIGN_STYLE = Automatic;
				INFOPLIST_FILE = weatherApp/Info.plist;
				LD_RUNPATH_SEARCH_PATHS = (
					"$(inherited)",
					"@executable_path/Frameworks",
				);
				PRODUCT_BUNDLE_IDENTIFIER = weather.weatherApp;
				PRODUCT_NAME = "$(TARGET_NAME)";
				SWIFT_VERSION = 4.2;
				TARGETED_DEVICE_FAMILY = "1,2";
			};
			name = Debug;
		};
		40059C252183BDC500B43468 /* Release */ = {
			isa = XCBuildConfiguration;
			buildSettings = {
				ASSETCATALOG_COMPILER_APPICON_NAME = AppIcon;
				CODE_SIGN_STYLE = Automatic;
				INFOPLIST_FILE = weatherApp/Info.plist;
				LD_RUNPATH_SEARCH_PATHS = (
					"$(inherited)",
					"@executable_path/Frameworks",
				);
				PRODUCT_BUNDLE_IDENTIFIER = weather.weatherApp;
				PRODUCT_NAME = "$(TARGET_NAME)";
				SWIFT_VERSION = 4.2;
				TARGETED_DEVICE_FAMILY = "1,2";
			};
			name = Release;
		};
		40059C272183BDC500B43468 /* Debug */ = {
			isa = XCBuildConfiguration;
			buildSettings = {
				ALWAYS_EMBED_SWIFT_STANDARD_LIBRARIES = YES;
				BUNDLE_LOADER = "$(TEST_HOST)";
				CODE_SIGN_STYLE = Automatic;
				INFOPLIST_FILE = weatherAppTests/Info.plist;
				LD_RUNPATH_SEARCH_PATHS = (
					"$(inherited)",
					"@executable_path/Frameworks",
					"@loader_path/Frameworks",
				);
				PRODUCT_BUNDLE_IDENTIFIER = weather.weatherAppTests;
				PRODUCT_NAME = "$(TARGET_NAME)";
				SWIFT_VERSION = 4.2;
				TARGETED_DEVICE_FAMILY = "1,2";
				TEST_HOST = "$(BUILT_PRODUCTS_DIR)/timer.app/timer";
			};
			name = Debug;
		};
		40059C282183BDC500B43468 /* Release */ = {
			isa = XCBuildConfiguration;
			buildSettings = {
				ALWAYS_EMBED_SWIFT_STANDARD_LIBRARIES = YES;
				BUNDLE_LOADER = "$(TEST_HOST)";
				CODE_SIGN_STYLE = Automatic;
				INFOPLIST_FILE = weatherAppTests/Info.plist;
				LD_RUNPATH_SEARCH_PATHS = (
					"$(inherited)",
					"@executable_path/Frameworks",
					"@loader_path/Frameworks",
				);
				PRODUCT_BUNDLE_IDENTIFIER = weather.weatherAppTests;
				PRODUCT_NAME = "$(TARGET_NAME)";
				SWIFT_VERSION = 4.2;
				TARGETED_DEVICE_FAMILY = "1,2";
				TEST_HOST = "$(BUILT_PRODUCTS_DIR)/timer.app/timer";
			};
			name = Release;
		};
		40059C2A2183BDC500B43468 /* Debug */ = {
			isa = XCBuildConfiguration;
			buildSettings = {
				ALWAYS_EMBED_SWIFT_STANDARD_LIBRARIES = YES;
				CODE_SIGN_STYLE = Automatic;
				INFOPLIST_FILE = weatherAppUITests/Info.plist;
				LD_RUNPATH_SEARCH_PATHS = (
					"$(inherited)",
					"@executable_path/Frameworks",
					"@loader_path/Frameworks",
				);
				PRODUCT_BUNDLE_IDENTIFIER = weather.weatherAppUITests;
				PRODUCT_NAME = "$(TARGET_NAME)";
				SWIFT_VERSION = 4.2;
				TARGETED_DEVICE_FAMILY = "1,2";
				TEST_TARGET_NAME = weatherApp;
			};
			name = Debug;
		};
		40059C2B2183BDC500B43468 /* Release */ = {
			isa = XCBuildConfiguration;
			buildSettings = {
				ALWAYS_EMBED_SWIFT_STANDARD_LIBRARIES = YES;
				CODE_SIGN_STYLE = Automatic;
				INFOPLIST_FILE = weatherAppUITests/Info.plist;
				LD_RUNPATH_SEARCH_PATHS = (
					"$(inherited)",
					"@executable_path/Frameworks",
					"@loader_path/Frameworks",
				);
				PRODUCT_BUNDLE_IDENTIFIER = weather.weatherAppUITests;
				PRODUCT_NAME = "$(TARGET_NAME)";
				SWIFT_VERSION = 4.2;
				TARGETED_DEVICE_FAMILY = "1,2";
				TEST_TARGET_NAME = weatherApp;
			};
			name = Release;
		};
/* End XCBuildConfiguration section */

/* Begin XCConfigurationList section */
		40059BF62183BDC400B43468 /* Build configuration list for PBXProject "timer" */ = {
			isa = XCConfigurationList;
			buildConfigurations = (
				40059C212183BDC500B43468 /* Debug */,
				40059C222183BDC500B43468 /* Release */,
			);
			defaultConfigurationIsVisible = 0;
			defaultConfigurationName = Release;
		};
		40059C232183BDC500B43468 /* Build configuration list for PBXNativeTarget "timer" */ = {
			isa = XCConfigurationList;
			buildConfigurations = (
				40059C242183BDC500B43468 /* Debug */,
				40059C252183BDC500B43468 /* Release */,
			);
			defaultConfigurationIsVisible = 0;
			defaultConfigurationName = Release;
		};
		40059C262183BDC500B43468 /* Build configuration list for PBXNativeTarget "timerTests" */ = {
			isa = XCConfigurationList;
			buildConfigurations = (
				40059C272183BDC500B43468 /* Debug */,
				40059C282183BDC500B43468 /* Release */,
			);
			defaultConfigurationIsVisible = 0;
			defaultConfigurationName = Release;
		};
		40059C292183BDC500B43468 /* Build configuration list for PBXNativeTarget "timerUITests" */ = {
			isa = XCConfigurationList;
			buildConfigurations = (
				40059C2A2183BDC500B43468 /* Debug */,
				40059C2B2183BDC500B43468 /* Release */,
			);
			defaultConfigurationIsVisible = 0;
			defaultConfigurationName = Release;
		};
/* End XCConfigurationList section */
	};
	rootObject = 40059BF32183BDC400B43468 /* Project object */;
}
